
Microsoft Visual Studio Solution File, Format Version 12.00
# Visual Studio Version 17
VisualStudioVersion = 17.2.32505.173
MinimumVisualStudioVersion = 10.0.40219.1
Project("{2150E333-8FDC-42A3-9474-1A3956D46DE8}") = "Tutorials", "Tutorials", "{4A54C153-F70F-4FB9-83F0-F0B276F297EE}"
EndProject
Project("{2150E333-8FDC-42A3-9474-1A3956D46DE8}") = "Lib", "Lib", "{FB2E8D9E-C0D7-431B-AF25-B90B7DDDAF9A}"
	ProjectSection(SolutionItems) = preProject
		Lib\Directory.Build.props = Lib\Directory.Build.props
	EndProjectSection
EndProject
Project("{2150E333-8FDC-42A3-9474-1A3956D46DE8}") = "Solution Items", "Solution Items", "{85F11B12-DD05-43E3-ABC4-420032F3428D}"
	ProjectSection(SolutionItems) = preProject
		.editorconfig = .editorconfig
		..\README.md = ..\README.md
	EndProjectSection
EndProject
Project("{2150E333-8FDC-42A3-9474-1A3956D46DE8}") = "Docs", "Docs", "{39D350F2-20F9-419E-8EA4-EBF885CA0235}"
	ProjectSection(SolutionItems) = preProject
		..\Docs\README.md = ..\Docs\README.md
		..\Docs\releases.md = ..\Docs\releases.md
	EndProjectSection
EndProject
Project("{9A19103F-16F7-4668-BE54-9A1E7A4F7556}") = "Morris.Moxy", "Lib\Morris.Moxy\Morris.Moxy.csproj", "{A80F2E22-9605-442D-9888-EE5AA37A4FC0}"
EndProject
Project("{9A19103F-16F7-4668-BE54-9A1E7A4F7556}") = "MixInAMethod", "Tutorials\01-MixInAMethod\MixInAMethod\MixInAMethod.csproj", "{B490FA72-FF05-42C4-ACB0-1775DD7CFFF4}"
EndProject
Project("{2150E333-8FDC-42A3-9474-1A3956D46DE8}") = "01-MixInAMethod", "01-MixInAMethod", "{FD693BC1-4449-4351-8BA5-8C3E6BD1EB9B}"
	ProjectSection(SolutionItems) = preProject
		Tutorials\01-MixInAMethod\README.md = Tutorials\01-MixInAMethod\README.md
	EndProjectSection
EndProject
Project("{9A19103F-16F7-4668-BE54-9A1E7A4F7556}") = "Morris.Moxy.UnitTests", "Tests\Morris.Moxy.UnitTests\Morris.Moxy.UnitTests.csproj", "{4ACC71EA-0C53-45A6-B3B9-C430D25B81FC}"
EndProject
Project("{2150E333-8FDC-42A3-9474-1A3956D46DE8}") = "Tests", "Tests", "{32D90BDA-099B-4AB7-8847-06DC7058BCF0}"
EndProject
Project("{2150E333-8FDC-42A3-9474-1A3956D46DE8}") = "02-MixInArguments", "02-MixInArguments", "{D9261295-451B-47D8-9F9D-3D0438462802}"
	ProjectSection(SolutionItems) = preProject
		Tutorials\02-MixInArguments\README.md = Tutorials\02-MixInArguments\README.md
	EndProjectSection
EndProject
Project("{9A19103F-16F7-4668-BE54-9A1E7A4F7556}") = "MixInArguments", "Tutorials\02-MixInArguments\MixinArguments\MixInArguments.csproj", "{CDA2FB4B-0DAC-4D85-A478-4B09F4333C79}"
EndProject
Global
	GlobalSection(SolutionConfigurationPlatforms) = preSolution
		Debug|Any CPU = Debug|Any CPU
		Release|Any CPU = Release|Any CPU
	EndGlobalSection
	GlobalSection(ProjectConfigurationPlatforms) = postSolution
		{A80F2E22-9605-442D-9888-EE5AA37A4FC0}.Debug|Any CPU.ActiveCfg = Debug|Any CPU
		{A80F2E22-9605-442D-9888-EE5AA37A4FC0}.Debug|Any CPU.Build.0 = Debug|Any CPU
		{A80F2E22-9605-442D-9888-EE5AA37A4FC0}.Release|Any CPU.ActiveCfg = Release|Any CPU
		{A80F2E22-9605-442D-9888-EE5AA37A4FC0}.Release|Any CPU.Build.0 = Release|Any CPU
		{B490FA72-FF05-42C4-ACB0-1775DD7CFFF4}.Debug|Any CPU.ActiveCfg = Debug|Any CPU
		{B490FA72-FF05-42C4-ACB0-1775DD7CFFF4}.Debug|Any CPU.Build.0 = Debug|Any CPU
		{B490FA72-FF05-42C4-ACB0-1775DD7CFFF4}.Release|Any CPU.ActiveCfg = Release|Any CPU
		{B490FA72-FF05-42C4-ACB0-1775DD7CFFF4}.Release|Any CPU.Build.0 = Release|Any CPU
		{4ACC71EA-0C53-45A6-B3B9-C430D25B81FC}.Debug|Any CPU.ActiveCfg = Debug|Any CPU
		{4ACC71EA-0C53-45A6-B3B9-C430D25B81FC}.Debug|Any CPU.Build.0 = Debug|Any CPU
		{4ACC71EA-0C53-45A6-B3B9-C430D25B81FC}.Release|Any CPU.ActiveCfg = Release|Any CPU
		{4ACC71EA-0C53-45A6-B3B9-C430D25B81FC}.Release|Any CPU.Build.0 = Release|Any CPU
		{CDA2FB4B-0DAC-4D85-A478-4B09F4333C79}.Debug|Any CPU.ActiveCfg = Debug|Any CPU
		{CDA2FB4B-0DAC-4D85-A478-4B09F4333C79}.Debug|Any CPU.Build.0 = Debug|Any CPU
		{CDA2FB4B-0DAC-4D85-A478-4B09F4333C79}.Release|Any CPU.ActiveCfg = Release|Any CPU
		{CDA2FB4B-0DAC-4D85-A478-4B09F4333C79}.Release|Any CPU.Build.0 = Release|Any CPU
	EndGlobalSection
	GlobalSection(SolutionProperties) = preSolution
		HideSolutionNode = FALSE
	EndGlobalSection
	GlobalSection(NestedProjects) = preSolution
		{A80F2E22-9605-442D-9888-EE5AA37A4FC0} = {FB2E8D9E-C0D7-431B-AF25-B90B7DDDAF9A}
		{B490FA72-FF05-42C4-ACB0-1775DD7CFFF4} = {FD693BC1-4449-4351-8BA5-8C3E6BD1EB9B}
		{FD693BC1-4449-4351-8BA5-8C3E6BD1EB9B} = {4A54C153-F70F-4FB9-83F0-F0B276F297EE}
		{4ACC71EA-0C53-45A6-B3B9-C430D25B81FC} = {32D90BDA-099B-4AB7-8847-06DC7058BCF0}
		{D9261295-451B-47D8-9F9D-3D0438462802} = {4A54C153-F70F-4FB9-83F0-F0B276F297EE}
		{CDA2FB4B-0DAC-4D85-A478-4B09F4333C79} = {D9261295-451B-47D8-9F9D-3D0438462802}
	EndGlobalSection
	GlobalSection(ExtensibilityGlobals) = postSolution
		SolutionGuid = {25345ee2-ce37-45d9-9170-3eeaf00f45ea}
	EndGlobalSection
EndGlobal
